// !$*UTF8*$!
{
	archiveVersion = 1;
	classes = {
	};
	objectVersion = 55;
	objects = {

/* Begin PBXBuildFile section */
		636BB43E283909DC00095F2A /* SnackHelper.swift in Sources */ = {isa = PBXBuildFile; fileRef = 636BB43D283909DC00095F2A /* SnackHelper.swift */; };
		636BB44028390B5700095F2A /* Extension+UIVc.swift in Sources */ = {isa = PBXBuildFile; fileRef = 636BB43F28390B5700095F2A /* Extension+UIVc.swift */; };
		636BB44328391B9A00095F2A /* ForgotPasswordVC.swift in Sources */ = {isa = PBXBuildFile; fileRef = 636BB44228391B9A00095F2A /* ForgotPasswordVC.swift */; };
		636BB44928393DC400095F2A /* CategoryVC.swift in Sources */ = {isa = PBXBuildFile; fileRef = 636BB44828393DC400095F2A /* CategoryVC.swift */; };
		636BB44B28393EF200095F2A /* CategoryModel.swift in Sources */ = {isa = PBXBuildFile; fileRef = 636BB44A28393EF200095F2A /* CategoryModel.swift */; };
		636BB44E28394A1400095F2A /* HomeViewModel.swift in Sources */ = {isa = PBXBuildFile; fileRef = 636BB44D28394A1400095F2A /* HomeViewModel.swift */; };
		636BB45128395AB100095F2A /* Closures.swift in Sources */ = {isa = PBXBuildFile; fileRef = 636BB45028395AB100095F2A /* Closures.swift */; };
		63841461283C35BE0065773A /* ProductModel.swift in Sources */ = {isa = PBXBuildFile; fileRef = 63841460283C35BE0065773A /* ProductModel.swift */; };
		638A6DEB2837A7E000F05EDA /* Extension+UIView.swift in Sources */ = {isa = PBXBuildFile; fileRef = 638A6DDC2837A7E000F05EDA /* Extension+UIView.swift */; };
		638A6DEC2837A7E000F05EDA /* CategoryCell.swift in Sources */ = {isa = PBXBuildFile; fileRef = 638A6DDF2837A7E000F05EDA /* CategoryCell.swift */; };
		638A6DED2837A7E000F05EDA /* CellHeaderView.swift in Sources */ = {isa = PBXBuildFile; fileRef = 638A6DE02837A7E000F05EDA /* CellHeaderView.swift */; };
		638A6DEE2837A7E000F05EDA /* ProductsOneCell.swift in Sources */ = {isa = PBXBuildFile; fileRef = 638A6DE12837A7E000F05EDA /* ProductsOneCell.swift */; };
		638A6DEF2837A7E000F05EDA /* ProfileVC.swift in Sources */ = {isa = PBXBuildFile; fileRef = 638A6DE32837A7E000F05EDA /* ProfileVC.swift */; };
		638A6DF02837A7E000F05EDA /* HomeVC.swift in Sources */ = {isa = PBXBuildFile; fileRef = 638A6DE42837A7E000F05EDA /* HomeVC.swift */; };
		638A6DF12837A7E000F05EDA /* MainTabBarVC.swift in Sources */ = {isa = PBXBuildFile; fileRef = 638A6DE52837A7E000F05EDA /* MainTabBarVC.swift */; };
		638A6DF22837A7E000F05EDA /* Assets.xcassets in Resources */ = {isa = PBXBuildFile; fileRef = 638A6DE72837A7E000F05EDA /* Assets.xcassets */; };
		638A6DF32837A7E000F05EDA /* AppDelegate.swift in Sources */ = {isa = PBXBuildFile; fileRef = 638A6DE82837A7E000F05EDA /* AppDelegate.swift */; };
		638A6DF52837A7E000F05EDA /* SceneDelegate.swift in Sources */ = {isa = PBXBuildFile; fileRef = 638A6DEA2837A7E000F05EDA /* SceneDelegate.swift */; };
		638A6DFD2837A87300F05EDA /* AppDelegate.swift in Sources */ = {isa = PBXBuildFile; fileRef = 638A6DFC2837A87300F05EDA /* AppDelegate.swift */; };
		638A6DFF2837A87300F05EDA /* SceneDelegate.swift in Sources */ = {isa = PBXBuildFile; fileRef = 638A6DFE2837A87300F05EDA /* SceneDelegate.swift */; };
		638A6E012837A87300F05EDA /* ViewController.swift in Sources */ = {isa = PBXBuildFile; fileRef = 638A6E002837A87300F05EDA /* ViewController.swift */; };
		638A6E042837A87300F05EDA /* Main.storyboard in Resources */ = {isa = PBXBuildFile; fileRef = 638A6E022837A87300F05EDA /* Main.storyboard */; };
		638A6E092837A87400F05EDA /* LaunchScreen.storyboard in Resources */ = {isa = PBXBuildFile; fileRef = 638A6E072837A87400F05EDA /* LaunchScreen.storyboard */; };
		638A6E0F2837A90800F05EDA /* Assets.xcassets in Resources */ = {isa = PBXBuildFile; fileRef = 638A6DE72837A7E000F05EDA /* Assets.xcassets */; };
		638A6E112837AC6C00F05EDA /* LoginVC.swift in Sources */ = {isa = PBXBuildFile; fileRef = 638A6E102837AC6C00F05EDA /* LoginVC.swift */; };
		638A6E132837ADBD00F05EDA /* Extension+TextField.swift in Sources */ = {isa = PBXBuildFile; fileRef = 638A6E122837ADBD00F05EDA /* Extension+TextField.swift */; };
		638A6E152837CA4900F05EDA /* RegisterVC.swift in Sources */ = {isa = PBXBuildFile; fileRef = 638A6E142837CA4900F05EDA /* RegisterVC.swift */; };
		638A6E192837E41500F05EDA /* GoogleService-Info.plist in Resources */ = {isa = PBXBuildFile; fileRef = 638A6E182837E41500F05EDA /* GoogleService-Info.plist */; };
		638A6E1B2837ED7200F05EDA /* GoogleService-Info.plist in Resources */ = {isa = PBXBuildFile; fileRef = 638A6E1A2837ED7200F05EDA /* GoogleService-Info.plist */; };
		638A6E20283802E700F05EDA /* ColorConstants.swift in Sources */ = {isa = PBXBuildFile; fileRef = 638A6E1F283802E700F05EDA /* ColorConstants.swift */; };
		639F97C128380EC800893424 /* CustomActivityIndicator.swift in Sources */ = {isa = PBXBuildFile; fileRef = 639F97C028380EC800893424 /* CustomActivityIndicator.swift */; };
		9A70FA068254A00C0D843A5B /* Pods_ShoppingAdmin.framework in Frameworks */ = {isa = PBXBuildFile; fileRef = 20C7B95DA8D1807F787B9D8D /* Pods_ShoppingAdmin.framework */; };
		E4CBB671FD351A860A5B3EBC /* Pods_ShoppingApp.framework in Frameworks */ = {isa = PBXBuildFile; fileRef = D1C28D591816F13D0309951E /* Pods_ShoppingApp.framework */; };
/* End PBXBuildFile section */

/* Begin PBXFileReference section */
		0337C5918F4E68ADEF05CA6D /* Pods-ShoppingAdmin.debug.xcconfig */ = {isa = PBXFileReference; includeInIndex = 1; lastKnownFileType = text.xcconfig; name = "Pods-ShoppingAdmin.debug.xcconfig"; path = "Target Support Files/Pods-ShoppingAdmin/Pods-ShoppingAdmin.debug.xcconfig"; sourceTree = "<group>"; };
		10ABBE5D427B332CB0BAA06E /* Pods-ShoppingApp.debug.xcconfig */ = {isa = PBXFileReference; includeInIndex = 1; lastKnownFileType = text.xcconfig; name = "Pods-ShoppingApp.debug.xcconfig"; path = "Target Support Files/Pods-ShoppingApp/Pods-ShoppingApp.debug.xcconfig"; sourceTree = "<group>"; };
		20C7B95DA8D1807F787B9D8D /* Pods_ShoppingAdmin.framework */ = {isa = PBXFileReference; explicitFileType = wrapper.framework; includeInIndex = 0; path = Pods_ShoppingAdmin.framework; sourceTree = BUILT_PRODUCTS_DIR; };
		411B77F6B50A94C28371F036 /* Pods-ShoppingApp.release.xcconfig */ = {isa = PBXFileReference; includeInIndex = 1; lastKnownFileType = text.xcconfig; name = "Pods-ShoppingApp.release.xcconfig"; path = "Target Support Files/Pods-ShoppingApp/Pods-ShoppingApp.release.xcconfig"; sourceTree = "<group>"; };
		636BB43D283909DC00095F2A /* SnackHelper.swift */ = {isa = PBXFileReference; lastKnownFileType = sourcecode.swift; path = SnackHelper.swift; sourceTree = "<group>"; };
		636BB43F28390B5700095F2A /* Extension+UIVc.swift */ = {isa = PBXFileReference; lastKnownFileType = sourcecode.swift; path = "Extension+UIVc.swift"; sourceTree = "<group>"; };
		636BB44228391B9A00095F2A /* ForgotPasswordVC.swift */ = {isa = PBXFileReference; lastKnownFileType = sourcecode.swift; path = ForgotPasswordVC.swift; sourceTree = "<group>"; };
		636BB44828393DC400095F2A /* CategoryVC.swift */ = {isa = PBXFileReference; lastKnownFileType = sourcecode.swift; path = CategoryVC.swift; sourceTree = "<group>"; };
		636BB44A28393EF200095F2A /* CategoryModel.swift */ = {isa = PBXFileReference; lastKnownFileType = sourcecode.swift; path = CategoryModel.swift; sourceTree = "<group>"; };
		636BB44D28394A1400095F2A /* HomeViewModel.swift */ = {isa = PBXFileReference; lastKnownFileType = sourcecode.swift; path = HomeViewModel.swift; sourceTree = "<group>"; };
		636BB45028395AB100095F2A /* Closures.swift */ = {isa = PBXFileReference; lastKnownFileType = sourcecode.swift; path = Closures.swift; sourceTree = "<group>"; };
		63841460283C35BE0065773A /* ProductModel.swift */ = {isa = PBXFileReference; lastKnownFileType = sourcecode.swift; path = ProductModel.swift; sourceTree = "<group>"; };
		638A6DB72837A76000F05EDA /* ShoppingApp.app */ = {isa = PBXFileReference; explicitFileType = wrapper.application; includeInIndex = 0; path = ShoppingApp.app; sourceTree = BUILT_PRODUCTS_DIR; };
		638A6DC82837A76100F05EDA /* Info.plist */ = {isa = PBXFileReference; lastKnownFileType = text.plist.xml; path = Info.plist; sourceTree = "<group>"; };
		638A6DDC2837A7E000F05EDA /* Extension+UIView.swift */ = {isa = PBXFileReference; fileEncoding = 4; lastKnownFileType = sourcecode.swift; path = "Extension+UIView.swift"; sourceTree = "<group>"; };
		638A6DDF2837A7E000F05EDA /* CategoryCell.swift */ = {isa = PBXFileReference; fileEncoding = 4; lastKnownFileType = sourcecode.swift; path = CategoryCell.swift; sourceTree = "<group>"; };
		638A6DE02837A7E000F05EDA /* CellHeaderView.swift */ = {isa = PBXFileReference; fileEncoding = 4; lastKnownFileType = sourcecode.swift; path = CellHeaderView.swift; sourceTree = "<group>"; };
		638A6DE12837A7E000F05EDA /* ProductsOneCell.swift */ = {isa = PBXFileReference; fileEncoding = 4; lastKnownFileType = sourcecode.swift; path = ProductsOneCell.swift; sourceTree = "<group>"; };
		638A6DE32837A7E000F05EDA /* ProfileVC.swift */ = {isa = PBXFileReference; fileEncoding = 4; lastKnownFileType = sourcecode.swift; path = ProfileVC.swift; sourceTree = "<group>"; };
		638A6DE42837A7E000F05EDA /* HomeVC.swift */ = {isa = PBXFileReference; fileEncoding = 4; lastKnownFileType = sourcecode.swift; path = HomeVC.swift; sourceTree = "<group>"; };
		638A6DE52837A7E000F05EDA /* MainTabBarVC.swift */ = {isa = PBXFileReference; fileEncoding = 4; lastKnownFileType = sourcecode.swift; path = MainTabBarVC.swift; sourceTree = "<group>"; };
		638A6DE72837A7E000F05EDA /* Assets.xcassets */ = {isa = PBXFileReference; lastKnownFileType = folder.assetcatalog; path = Assets.xcassets; sourceTree = "<group>"; };
		638A6DE82837A7E000F05EDA /* AppDelegate.swift */ = {isa = PBXFileReference; fileEncoding = 4; lastKnownFileType = sourcecode.swift; path = AppDelegate.swift; sourceTree = "<group>"; };
		638A6DEA2837A7E000F05EDA /* SceneDelegate.swift */ = {isa = PBXFileReference; fileEncoding = 4; lastKnownFileType = sourcecode.swift; path = SceneDelegate.swift; sourceTree = "<group>"; };
		638A6DFA2837A87300F05EDA /* ShoppingAdmin.app */ = {isa = PBXFileReference; explicitFileType = wrapper.application; includeInIndex = 0; path = ShoppingAdmin.app; sourceTree = BUILT_PRODUCTS_DIR; };
		638A6DFC2837A87300F05EDA /* AppDelegate.swift */ = {isa = PBXFileReference; lastKnownFileType = sourcecode.swift; path = AppDelegate.swift; sourceTree = "<group>"; };
		638A6DFE2837A87300F05EDA /* SceneDelegate.swift */ = {isa = PBXFileReference; lastKnownFileType = sourcecode.swift; path = SceneDelegate.swift; sourceTree = "<group>"; };
		638A6E002837A87300F05EDA /* ViewController.swift */ = {isa = PBXFileReference; lastKnownFileType = sourcecode.swift; path = ViewController.swift; sourceTree = "<group>"; };
		638A6E032837A87300F05EDA /* Base */ = {isa = PBXFileReference; lastKnownFileType = file.storyboard; name = Base; path = Base.lproj/Main.storyboard; sourceTree = "<group>"; };
		638A6E082837A87400F05EDA /* Base */ = {isa = PBXFileReference; lastKnownFileType = file.storyboard; name = Base; path = Base.lproj/LaunchScreen.storyboard; sourceTree = "<group>"; };
		638A6E0A2837A87400F05EDA /* Info.plist */ = {isa = PBXFileReference; lastKnownFileType = text.plist.xml; path = Info.plist; sourceTree = "<group>"; };
		638A6E102837AC6C00F05EDA /* LoginVC.swift */ = {isa = PBXFileReference; lastKnownFileType = sourcecode.swift; path = LoginVC.swift; sourceTree = "<group>"; };
		638A6E122837ADBD00F05EDA /* Extension+TextField.swift */ = {isa = PBXFileReference; lastKnownFileType = sourcecode.swift; path = "Extension+TextField.swift"; sourceTree = "<group>"; };
		638A6E142837CA4900F05EDA /* RegisterVC.swift */ = {isa = PBXFileReference; lastKnownFileType = sourcecode.swift; path = RegisterVC.swift; sourceTree = "<group>"; };
		638A6E182837E41500F05EDA /* GoogleService-Info.plist */ = {isa = PBXFileReference; fileEncoding = 4; lastKnownFileType = text.plist.xml; path = "GoogleService-Info.plist"; sourceTree = "<group>"; };
		638A6E1A2837ED7200F05EDA /* GoogleService-Info.plist */ = {isa = PBXFileReference; fileEncoding = 4; lastKnownFileType = text.plist.xml; path = "GoogleService-Info.plist"; sourceTree = "<group>"; };
		638A6E1F283802E700F05EDA /* ColorConstants.swift */ = {isa = PBXFileReference; lastKnownFileType = sourcecode.swift; path = ColorConstants.swift; sourceTree = "<group>"; };
		639F97C028380EC800893424 /* CustomActivityIndicator.swift */ = {isa = PBXFileReference; lastKnownFileType = sourcecode.swift; path = CustomActivityIndicator.swift; sourceTree = "<group>"; };
		71D353B1937883435C0ADC7C /* Pods-ShoppingAdmin.release.xcconfig */ = {isa = PBXFileReference; includeInIndex = 1; lastKnownFileType = text.xcconfig; name = "Pods-ShoppingAdmin.release.xcconfig"; path = "Target Support Files/Pods-ShoppingAdmin/Pods-ShoppingAdmin.release.xcconfig"; sourceTree = "<group>"; };
		D1C28D591816F13D0309951E /* Pods_ShoppingApp.framework */ = {isa = PBXFileReference; explicitFileType = wrapper.framework; includeInIndex = 0; path = Pods_ShoppingApp.framework; sourceTree = BUILT_PRODUCTS_DIR; };
/* End PBXFileReference section */

/* Begin PBXFrameworksBuildPhase section */
		638A6DB42837A76000F05EDA /* Frameworks */ = {
			isa = PBXFrameworksBuildPhase;
			buildActionMask = 2147483647;
			files = (
				E4CBB671FD351A860A5B3EBC /* Pods_ShoppingApp.framework in Frameworks */,
			);
			runOnlyForDeploymentPostprocessing = 0;
		};
		638A6DF72837A87300F05EDA /* Frameworks */ = {
			isa = PBXFrameworksBuildPhase;
			buildActionMask = 2147483647;
			files = (
				9A70FA068254A00C0D843A5B /* Pods_ShoppingAdmin.framework in Frameworks */,
			);
			runOnlyForDeploymentPostprocessing = 0;
		};
/* End PBXFrameworksBuildPhase section */

/* Begin PBXGroup section */
		636BB44128391B8800095F2A /* ForgotPassword */ = {
			isa = PBXGroup;
			children = (
				636BB44228391B9A00095F2A /* ForgotPasswordVC.swift */,
			);
			path = ForgotPassword;
			sourceTree = "<group>";
		};
		636BB44428391BA100095F2A /* Home */ = {
			isa = PBXGroup;
			children = (
				638A6DE42837A7E000F05EDA /* HomeVC.swift */,
			);
			path = Home;
			sourceTree = "<group>";
		};
		636BB44528391BAD00095F2A /* Profile */ = {
			isa = PBXGroup;
			children = (
				638A6DE32837A7E000F05EDA /* ProfileVC.swift */,
			);
			path = Profile;
			sourceTree = "<group>";
		};
		636BB44628391BB700095F2A /* MainTabbar */ = {
			isa = PBXGroup;
			children = (
				638A6DE52837A7E000F05EDA /* MainTabBarVC.swift */,
			);
			path = MainTabbar;
			sourceTree = "<group>";
		};
		636BB44728393DB800095F2A /* Categories */ = {
			isa = PBXGroup;
			children = (
				636BB44828393DC400095F2A /* CategoryVC.swift */,
			);
			path = Categories;
			sourceTree = "<group>";
		};
		636BB44C28394A0500095F2A /* ViewModel */ = {
			isa = PBXGroup;
			children = (
				636BB44D28394A1400095F2A /* HomeViewModel.swift */,
			);
			path = ViewModel;
			sourceTree = "<group>";
		};
		636BB44F28395A8800095F2A /* Constants */ = {
			isa = PBXGroup;
			children = (
				638A6E1F283802E700F05EDA /* ColorConstants.swift */,
				636BB45028395AB100095F2A /* Closures.swift */,
			);
			path = Constants;
			sourceTree = "<group>";
		};
		636BB45228395AE900095F2A /* Utilities */ = {
			isa = PBXGroup;
			children = (
				638A6DDB2837A7E000F05EDA /* Extensions */,
				636BB44F28395A8800095F2A /* Constants */,
			);
			path = Utilities;
			sourceTree = "<group>";
		};
		638A6DAE2837A76000F05EDA = {
			isa = PBXGroup;
			children = (
				638A6E0E2837A8CE00F05EDA /* Shared */,
				638A6DB92837A76000F05EDA /* ShoppingApp */,
				638A6DFB2837A87300F05EDA /* ShoppingAdmin */,
				638A6DB82837A76000F05EDA /* Products */,
				AD2A928733C125942FDC193F /* Pods */,
				DCB1B6C385F0E614ACB388D4 /* Frameworks */,
			);
			sourceTree = "<group>";
		};
		638A6DB82837A76000F05EDA /* Products */ = {
			isa = PBXGroup;
			children = (
				638A6DB72837A76000F05EDA /* ShoppingApp.app */,
				638A6DFA2837A87300F05EDA /* ShoppingAdmin.app */,
			);
			name = Products;
			sourceTree = "<group>";
		};
		638A6DB92837A76000F05EDA /* ShoppingApp */ = {
			isa = PBXGroup;
			children = (
				638A6E182837E41500F05EDA /* GoogleService-Info.plist */,
				636BB45228395AE900095F2A /* Utilities */,
				636BB44C28394A0500095F2A /* ViewModel */,
				638A6DDE2837A7E000F05EDA /* Cells */,
				638A6DDA2837A7E000F05EDA /* Model */,
				638A6DDD2837A7E000F05EDA /* Network */,
				638A6DE62837A7E000F05EDA /* Resources */,
				638A6DE22837A7E000F05EDA /* Controllers */,
			);
			path = ShoppingApp;
			sourceTree = "<group>";
		};
		638A6DDA2837A7E000F05EDA /* Model */ = {
			isa = PBXGroup;
			children = (
				636BB44A28393EF200095F2A /* CategoryModel.swift */,
				63841460283C35BE0065773A /* ProductModel.swift */,
			);
			path = Model;
			sourceTree = "<group>";
		};
		638A6DDB2837A7E000F05EDA /* Extensions */ = {
			isa = PBXGroup;
			children = (
				636BB43F28390B5700095F2A /* Extension+UIVc.swift */,
				638A6DDC2837A7E000F05EDA /* Extension+UIView.swift */,
				638A6E122837ADBD00F05EDA /* Extension+TextField.swift */,
				639F97C028380EC800893424 /* CustomActivityIndicator.swift */,
				636BB43D283909DC00095F2A /* SnackHelper.swift */,
			);
			path = Extensions;
			sourceTree = "<group>";
		};
		638A6DDD2837A7E000F05EDA /* Network */ = {
			isa = PBXGroup;
			children = (
			);
			path = Network;
			sourceTree = "<group>";
		};
		638A6DDE2837A7E000F05EDA /* Cells */ = {
			isa = PBXGroup;
			children = (
				638A6DE02837A7E000F05EDA /* CellHeaderView.swift */,
				638A6DDF2837A7E000F05EDA /* CategoryCell.swift */,
				638A6DE12837A7E000F05EDA /* ProductsOneCell.swift */,
			);
			path = Cells;
			sourceTree = "<group>";
		};
		638A6DE22837A7E000F05EDA /* Controllers */ = {
			isa = PBXGroup;
			children = (
				636BB44728393DB800095F2A /* Categories */,
				636BB44628391BB700095F2A /* MainTabbar */,
				636BB44528391BAD00095F2A /* Profile */,
				636BB44428391BA100095F2A /* Home */,
				636BB44128391B8800095F2A /* ForgotPassword */,
				638A6E172837CE7000F05EDA /* Register */,
				638A6E162837CE6C00F05EDA /* Login */,
			);
			path = Controllers;
			sourceTree = "<group>";
		};
		638A6DE62837A7E000F05EDA /* Resources */ = {
			isa = PBXGroup;
			children = (
				638A6DE82837A7E000F05EDA /* AppDelegate.swift */,
				638A6DEA2837A7E000F05EDA /* SceneDelegate.swift */,
				638A6DC82837A76100F05EDA /* Info.plist */,
			);
			path = Resources;
			sourceTree = "<group>";
		};
		638A6DFB2837A87300F05EDA /* ShoppingAdmin */ = {
			isa = PBXGroup;
			children = (
				638A6E1A2837ED7200F05EDA /* GoogleService-Info.plist */,
				638A6DFC2837A87300F05EDA /* AppDelegate.swift */,
				638A6DFE2837A87300F05EDA /* SceneDelegate.swift */,
				638A6E002837A87300F05EDA /* ViewController.swift */,
				638A6E022837A87300F05EDA /* Main.storyboard */,
				638A6E072837A87400F05EDA /* LaunchScreen.storyboard */,
				638A6E0A2837A87400F05EDA /* Info.plist */,
			);
			path = ShoppingAdmin;
			sourceTree = "<group>";
		};
		638A6E0E2837A8CE00F05EDA /* Shared */ = {
			isa = PBXGroup;
			children = (
				638A6DE72837A7E000F05EDA /* Assets.xcassets */,
			);
			path = Shared;
			sourceTree = "<group>";
		};
		638A6E162837CE6C00F05EDA /* Login */ = {
			isa = PBXGroup;
			children = (
				638A6E102837AC6C00F05EDA /* LoginVC.swift */,
			);
			path = Login;
			sourceTree = "<group>";
		};
		638A6E172837CE7000F05EDA /* Register */ = {
			isa = PBXGroup;
			children = (
				638A6E142837CA4900F05EDA /* RegisterVC.swift */,
			);
			path = Register;
			sourceTree = "<group>";
		};
		AD2A928733C125942FDC193F /* Pods */ = {
			isa = PBXGroup;
			children = (
				0337C5918F4E68ADEF05CA6D /* Pods-ShoppingAdmin.debug.xcconfig */,
				71D353B1937883435C0ADC7C /* Pods-ShoppingAdmin.release.xcconfig */,
				10ABBE5D427B332CB0BAA06E /* Pods-ShoppingApp.debug.xcconfig */,
				411B77F6B50A94C28371F036 /* Pods-ShoppingApp.release.xcconfig */,
			);
			path = Pods;
			sourceTree = "<group>";
		};
		DCB1B6C385F0E614ACB388D4 /* Frameworks */ = {
			isa = PBXGroup;
			children = (
				20C7B95DA8D1807F787B9D8D /* Pods_ShoppingAdmin.framework */,
				D1C28D591816F13D0309951E /* Pods_ShoppingApp.framework */,
			);
			name = Frameworks;
			sourceTree = "<group>";
		};
/* End PBXGroup section */

/* Begin PBXNativeTarget section */
		638A6DB62837A76000F05EDA /* ShoppingApp */ = {
			isa = PBXNativeTarget;
			buildConfigurationList = 638A6DCB2837A76100F05EDA /* Build configuration list for PBXNativeTarget "ShoppingApp" */;
			buildPhases = (
				65C68B86931EE285BBD48103 /* [CP] Check Pods Manifest.lock */,
				638A6DB32837A76000F05EDA /* Sources */,
				638A6DB42837A76000F05EDA /* Frameworks */,
				638A6DB52837A76000F05EDA /* Resources */,
				87C60D5F86334E67993CD40D /* [CP] Embed Pods Frameworks */,
			);
			buildRules = (
			);
			dependencies = (
			);
			name = ShoppingApp;
			productName = ShoppingApp;
			productReference = 638A6DB72837A76000F05EDA /* ShoppingApp.app */;
			productType = "com.apple.product-type.application";
		};
		638A6DF92837A87300F05EDA /* ShoppingAdmin */ = {
			isa = PBXNativeTarget;
			buildConfigurationList = 638A6E0B2837A87400F05EDA /* Build configuration list for PBXNativeTarget "ShoppingAdmin" */;
			buildPhases = (
				E25CCFAA3FD3E95E4EFB9B0F /* [CP] Check Pods Manifest.lock */,
				638A6DF62837A87300F05EDA /* Sources */,
				638A6DF72837A87300F05EDA /* Frameworks */,
				638A6DF82837A87300F05EDA /* Resources */,
				BA284AA75D4C3FC7AA4C5D87 /* [CP] Embed Pods Frameworks */,
			);
			buildRules = (
			);
			dependencies = (
			);
			name = ShoppingAdmin;
			productName = ShoppingAdmin;
			productReference = 638A6DFA2837A87300F05EDA /* ShoppingAdmin.app */;
			productType = "com.apple.product-type.application";
		};
/* End PBXNativeTarget section */

/* Begin PBXProject section */
		638A6DAF2837A76000F05EDA /* Project object */ = {
			isa = PBXProject;
			attributes = {
				BuildIndependentTargetsInParallel = 1;
				LastSwiftUpdateCheck = 1320;
				LastUpgradeCheck = 1320;
				TargetAttributes = {
					638A6DB62837A76000F05EDA = {
						CreatedOnToolsVersion = 13.2.1;
					};
					638A6DF92837A87300F05EDA = {
						CreatedOnToolsVersion = 13.2.1;
					};
				};
			};
			buildConfigurationList = 638A6DB22837A76000F05EDA /* Build configuration list for PBXProject "ShoppingApp" */;
			compatibilityVersion = "Xcode 13.0";
			developmentRegion = en;
			hasScannedForEncodings = 0;
			knownRegions = (
				en,
				Base,
			);
			mainGroup = 638A6DAE2837A76000F05EDA;
			productRefGroup = 638A6DB82837A76000F05EDA /* Products */;
			projectDirPath = "";
			projectRoot = "";
			targets = (
				638A6DB62837A76000F05EDA /* ShoppingApp */,
				638A6DF92837A87300F05EDA /* ShoppingAdmin */,
			);
		};
/* End PBXProject section */

/* Begin PBXResourcesBuildPhase section */
		638A6DB52837A76000F05EDA /* Resources */ = {
			isa = PBXResourcesBuildPhase;
			buildActionMask = 2147483647;
			files = (
				638A6DF22837A7E000F05EDA /* Assets.xcassets in Resources */,
				638A6E192837E41500F05EDA /* GoogleService-Info.plist in Resources */,
			);
			runOnlyForDeploymentPostprocessing = 0;
		};
		638A6DF82837A87300F05EDA /* Resources */ = {
			isa = PBXResourcesBuildPhase;
			buildActionMask = 2147483647;
			files = (
				638A6E1B2837ED7200F05EDA /* GoogleService-Info.plist in Resources */,
				638A6E092837A87400F05EDA /* LaunchScreen.storyboard in Resources */,
				638A6E0F2837A90800F05EDA /* Assets.xcassets in Resources */,
				638A6E042837A87300F05EDA /* Main.storyboard in Resources */,
			);
			runOnlyForDeploymentPostprocessing = 0;
		};
/* End PBXResourcesBuildPhase section */

/* Begin PBXShellScriptBuildPhase section */
		65C68B86931EE285BBD48103 /* [CP] Check Pods Manifest.lock */ = {
			isa = PBXShellScriptBuildPhase;
			buildActionMask = 2147483647;
			files = (
			);
			inputFileListPaths = (
			);
			inputPaths = (
				"${PODS_PODFILE_DIR_PATH}/Podfile.lock",
				"${PODS_ROOT}/Manifest.lock",
			);
			name = "[CP] Check Pods Manifest.lock";
			outputFileListPaths = (
			);
			outputPaths = (
				"$(DERIVED_FILE_DIR)/Pods-ShoppingApp-checkManifestLockResult.txt",
			);
			runOnlyForDeploymentPostprocessing = 0;
			shellPath = /bin/sh;
			shellScript = "diff \"${PODS_PODFILE_DIR_PATH}/Podfile.lock\" \"${PODS_ROOT}/Manifest.lock\" > /dev/null\nif [ $? != 0 ] ; then\n    # print error to STDERR\n    echo \"error: The sandbox is not in sync with the Podfile.lock. Run 'pod install' or update your CocoaPods installation.\" >&2\n    exit 1\nfi\n# This output is used by Xcode 'outputs' to avoid re-running this script phase.\necho \"SUCCESS\" > \"${SCRIPT_OUTPUT_FILE_0}\"\n";
			showEnvVarsInLog = 0;
		};
		87C60D5F86334E67993CD40D /* [CP] Embed Pods Frameworks */ = {
			isa = PBXShellScriptBuildPhase;
			buildActionMask = 2147483647;
			files = (
			);
			inputFileListPaths = (
				"${PODS_ROOT}/Target Support Files/Pods-ShoppingApp/Pods-ShoppingApp-frameworks-${CONFIGURATION}-input-files.xcfilelist",
			);
			name = "[CP] Embed Pods Frameworks";
			outputFileListPaths = (
				"${PODS_ROOT}/Target Support Files/Pods-ShoppingApp/Pods-ShoppingApp-frameworks-${CONFIGURATION}-output-files.xcfilelist",
			);
			runOnlyForDeploymentPostprocessing = 0;
			shellPath = /bin/sh;
			shellScript = "\"${PODS_ROOT}/Target Support Files/Pods-ShoppingApp/Pods-ShoppingApp-frameworks.sh\"\n";
			showEnvVarsInLog = 0;
		};
		BA284AA75D4C3FC7AA4C5D87 /* [CP] Embed Pods Frameworks */ = {
			isa = PBXShellScriptBuildPhase;
			buildActionMask = 2147483647;
			files = (
			);
			inputFileListPaths = (
				"${PODS_ROOT}/Target Support Files/Pods-ShoppingAdmin/Pods-ShoppingAdmin-frameworks-${CONFIGURATION}-input-files.xcfilelist",
			);
			name = "[CP] Embed Pods Frameworks";
			outputFileListPaths = (
				"${PODS_ROOT}/Target Support Files/Pods-ShoppingAdmin/Pods-ShoppingAdmin-frameworks-${CONFIGURATION}-output-files.xcfilelist",
			);
			runOnlyForDeploymentPostprocessing = 0;
			shellPath = /bin/sh;
			shellScript = "\"${PODS_ROOT}/Target Support Files/Pods-ShoppingAdmin/Pods-ShoppingAdmin-frameworks.sh\"\n";
			showEnvVarsInLog = 0;
		};
		E25CCFAA3FD3E95E4EFB9B0F /* [CP] Check Pods Manifest.lock */ = {
			isa = PBXShellScriptBuildPhase;
			buildActionMask = 2147483647;
			files = (
			);
			inputFileListPaths = (
			);
			inputPaths = (
				"${PODS_PODFILE_DIR_PATH}/Podfile.lock",
				"${PODS_ROOT}/Manifest.lock",
			);
			name = "[CP] Check Pods Manifest.lock";
			outputFileListPaths = (
			);
			outputPaths = (
				"$(DERIVED_FILE_DIR)/Pods-ShoppingAdmin-checkManifestLockResult.txt",
			);
			runOnlyForDeploymentPostprocessing = 0;
			shellPath = /bin/sh;
			shellScript = "diff \"${PODS_PODFILE_DIR_PATH}/Podfile.lock\" \"${PODS_ROOT}/Manifest.lock\" > /dev/null\nif [ $? != 0 ] ; then\n    # print error to STDERR\n    echo \"error: The sandbox is not in sync with the Podfile.lock. Run 'pod install' or update your CocoaPods installation.\" >&2\n    exit 1\nfi\n# This output is used by Xcode 'outputs' to avoid re-running this script phase.\necho \"SUCCESS\" > \"${SCRIPT_OUTPUT_FILE_0}\"\n";
			showEnvVarsInLog = 0;
		};
/* End PBXShellScriptBuildPhase section */

/* Begin PBXSourcesBuildPhase section */
		638A6DB32837A76000F05EDA /* Sources */ = {
			isa = PBXSourcesBuildPhase;
			buildActionMask = 2147483647;
			files = (
				638A6DF32837A7E000F05EDA /* AppDelegate.swift in Sources */,
				638A6DF12837A7E000F05EDA /* MainTabBarVC.swift in Sources */,
				638A6DED2837A7E000F05EDA /* CellHeaderView.swift in Sources */,
				636BB44E28394A1400095F2A /* HomeViewModel.swift in Sources */,
				638A6DF02837A7E000F05EDA /* HomeVC.swift in Sources */,
				638A6E112837AC6C00F05EDA /* LoginVC.swift in Sources */,
				638A6DEB2837A7E000F05EDA /* Extension+UIView.swift in Sources */,
				63841461283C35BE0065773A /* ProductModel.swift in Sources */,
				636BB44328391B9A00095F2A /* ForgotPasswordVC.swift in Sources */,
				636BB45128395AB100095F2A /* Closures.swift in Sources */,
				638A6DEF2837A7E000F05EDA /* ProfileVC.swift in Sources */,
				638A6DEC2837A7E000F05EDA /* CategoryCell.swift in Sources */,
				638A6E132837ADBD00F05EDA /* Extension+TextField.swift in Sources */,
				638A6E152837CA4900F05EDA /* RegisterVC.swift in Sources */,
				638A6DEE2837A7E000F05EDA /* ProductsOneCell.swift in Sources */,
				636BB44928393DC400095F2A /* CategoryVC.swift in Sources */,
				636BB43E283909DC00095F2A /* SnackHelper.swift in Sources */,
				638A6E20283802E700F05EDA /* ColorConstants.swift in Sources */,
				638A6DF52837A7E000F05EDA /* SceneDelegate.swift in Sources */,
				636BB44B28393EF200095F2A /* CategoryModel.swift in Sources */,
				636BB44028390B5700095F2A /* Extension+UIVc.swift in Sources */,
				639F97C128380EC800893424 /* CustomActivityIndicator.swift in Sources */,
			);
			runOnlyForDeploymentPostprocessing = 0;
		};
		638A6DF62837A87300F05EDA /* Sources */ = {
			isa = PBXSourcesBuildPhase;
			buildActionMask = 2147483647;
			files = (
				638A6E012837A87300F05EDA /* ViewController.swift in Sources */,
				638A6DFD2837A87300F05EDA /* AppDelegate.swift in Sources */,
				638A6DFF2837A87300F05EDA /* SceneDelegate.swift in Sources */,
			);
			runOnlyForDeploymentPostprocessing = 0;
		};
/* End PBXSourcesBuildPhase section */

/* Begin PBXVariantGroup section */
		638A6E022837A87300F05EDA /* Main.storyboard */ = {
			isa = PBXVariantGroup;
			children = (
				638A6E032837A87300F05EDA /* Base */,
			);
			name = Main.storyboard;
			sourceTree = "<group>";
		};
		638A6E072837A87400F05EDA /* LaunchScreen.storyboard */ = {
			isa = PBXVariantGroup;
			children = (
				638A6E082837A87400F05EDA /* Base */,
			);
			name = LaunchScreen.storyboard;
			sourceTree = "<group>";
		};
/* End PBXVariantGroup section */

/* Begin XCBuildConfiguration section */
		638A6DC92837A76100F05EDA /* Debug */ = {
			isa = XCBuildConfiguration;
			buildSettings = {
				ALWAYS_SEARCH_USER_PATHS = NO;
				CLANG_ANALYZER_NONNULL = YES;
				CLANG_ANALYZER_NUMBER_OBJECT_CONVERSION = YES_AGGRESSIVE;
				CLANG_CXX_LANGUAGE_STANDARD = "gnu++17";
				CLANG_CXX_LIBRARY = "libc++";
				CLANG_ENABLE_MODULES = YES;
				CLANG_ENABLE_OBJC_ARC = YES;
				CLANG_ENABLE_OBJC_WEAK = YES;
				CLANG_WARN_BLOCK_CAPTURE_AUTORELEASING = YES;
				CLANG_WARN_BOOL_CONVERSION = YES;
				CLANG_WARN_COMMA = YES;
				CLANG_WARN_CONSTANT_CONVERSION = YES;
				CLANG_WARN_DEPRECATED_OBJC_IMPLEMENTATIONS = YES;
				CLANG_WARN_DIRECT_OBJC_ISA_USAGE = YES_ERROR;
				CLANG_WARN_DOCUMENTATION_COMMENTS = YES;
				CLANG_WARN_EMPTY_BODY = YES;
				CLANG_WARN_ENUM_CONVERSION = YES;
				CLANG_WARN_INFINITE_RECURSION = YES;
				CLANG_WARN_INT_CONVERSION = YES;
				CLANG_WARN_NON_LITERAL_NULL_CONVERSION = YES;
				CLANG_WARN_OBJC_IMPLICIT_RETAIN_SELF = YES;
				CLANG_WARN_OBJC_LITERAL_CONVERSION = YES;
				CLANG_WARN_OBJC_ROOT_CLASS = YES_ERROR;
				CLANG_WARN_QUOTED_INCLUDE_IN_FRAMEWORK_HEADER = YES;
				CLANG_WARN_RANGE_LOOP_ANALYSIS = YES;
				CLANG_WARN_STRICT_PROTOTYPES = YES;
				CLANG_WARN_SUSPICIOUS_MOVE = YES;
				CLANG_WARN_UNGUARDED_AVAILABILITY = YES_AGGRESSIVE;
				CLANG_WARN_UNREACHABLE_CODE = YES;
				CLANG_WARN__DUPLICATE_METHOD_MATCH = YES;
				COPY_PHASE_STRIP = NO;
				DEBUG_INFORMATION_FORMAT = dwarf;
				ENABLE_STRICT_OBJC_MSGSEND = YES;
				ENABLE_TESTABILITY = YES;
				GCC_C_LANGUAGE_STANDARD = gnu11;
				GCC_DYNAMIC_NO_PIC = NO;
				GCC_NO_COMMON_BLOCKS = YES;
				GCC_OPTIMIZATION_LEVEL = 0;
				GCC_PREPROCESSOR_DEFINITIONS = (
					"DEBUG=1",
					"$(inherited)",
				);
				GCC_WARN_64_TO_32_BIT_CONVERSION = YES;
				GCC_WARN_ABOUT_RETURN_TYPE = YES_ERROR;
				GCC_WARN_UNDECLARED_SELECTOR = YES;
				GCC_WARN_UNINITIALIZED_AUTOS = YES_AGGRESSIVE;
				GCC_WARN_UNUSED_FUNCTION = YES;
				GCC_WARN_UNUSED_VARIABLE = YES;
				IPHONEOS_DEPLOYMENT_TARGET = 15.2;
				MTL_ENABLE_DEBUG_INFO = INCLUDE_SOURCE;
				MTL_FAST_MATH = YES;
				ONLY_ACTIVE_ARCH = YES;
				SDKROOT = iphoneos;
				SWIFT_ACTIVE_COMPILATION_CONDITIONS = DEBUG;
				SWIFT_OPTIMIZATION_LEVEL = "-Onone";
			};
			name = Debug;
		};
		638A6DCA2837A76100F05EDA /* Release */ = {
			isa = XCBuildConfiguration;
			buildSettings = {
				ALWAYS_SEARCH_USER_PATHS = NO;
				CLANG_ANALYZER_NONNULL = YES;
				CLANG_ANALYZER_NUMBER_OBJECT_CONVERSION = YES_AGGRESSIVE;
				CLANG_CXX_LANGUAGE_STANDARD = "gnu++17";
				CLANG_CXX_LIBRARY = "libc++";
				CLANG_ENABLE_MODULES = YES;
				CLANG_ENABLE_OBJC_ARC = YES;
				CLANG_ENABLE_OBJC_WEAK = YES;
				CLANG_WARN_BLOCK_CAPTURE_AUTORELEASING = YES;
				CLANG_WARN_BOOL_CONVERSION = YES;
				CLANG_WARN_COMMA = YES;
				CLANG_WARN_CONSTANT_CONVERSION = YES;
				CLANG_WARN_DEPRECATED_OBJC_IMPLEMENTATIONS = YES;
				CLANG_WARN_DIRECT_OBJC_ISA_USAGE = YES_ERROR;
				CLANG_WARN_DOCUMENTATION_COMMENTS = YES;
				CLANG_WARN_EMPTY_BODY = YES;
				CLANG_WARN_ENUM_CONVERSION = YES;
				CLANG_WARN_INFINITE_RECURSION = YES;
				CLANG_WARN_INT_CONVERSION = YES;
				CLANG_WARN_NON_LITERAL_NULL_CONVERSION = YES;
				CLANG_WARN_OBJC_IMPLICIT_RETAIN_SELF = YES;
				CLANG_WARN_OBJC_LITERAL_CONVERSION = YES;
				CLANG_WARN_OBJC_ROOT_CLASS = YES_ERROR;
				CLANG_WARN_QUOTED_INCLUDE_IN_FRAMEWORK_HEADER = YES;
				CLANG_WARN_RANGE_LOOP_ANALYSIS = YES;
				CLANG_WARN_STRICT_PROTOTYPES = YES;
				CLANG_WARN_SUSPICIOUS_MOVE = YES;
				CLANG_WARN_UNGUARDED_AVAILABILITY = YES_AGGRESSIVE;
				CLANG_WARN_UNREACHABLE_CODE = YES;
				CLANG_WARN__DUPLICATE_METHOD_MATCH = YES;
				COPY_PHASE_STRIP = NO;
				DEBUG_INFORMATION_FORMAT = "dwarf-with-dsym";
				ENABLE_NS_ASSERTIONS = NO;
				ENABLE_STRICT_OBJC_MSGSEND = YES;
				GCC_C_LANGUAGE_STANDARD = gnu11;
				GCC_NO_COMMON_BLOCKS = YES;
				GCC_WARN_64_TO_32_BIT_CONVERSION = YES;
				GCC_WARN_ABOUT_RETURN_TYPE = YES_ERROR;
				GCC_WARN_UNDECLARED_SELECTOR = YES;
				GCC_WARN_UNINITIALIZED_AUTOS = YES_AGGRESSIVE;
				GCC_WARN_UNUSED_FUNCTION = YES;
				GCC_WARN_UNUSED_VARIABLE = YES;
				IPHONEOS_DEPLOYMENT_TARGET = 15.2;
				MTL_ENABLE_DEBUG_INFO = NO;
				MTL_FAST_MATH = YES;
				SDKROOT = iphoneos;
				SWIFT_COMPILATION_MODE = wholemodule;
				SWIFT_OPTIMIZATION_LEVEL = "-O";
				VALIDATE_PRODUCT = YES;
			};
			name = Release;
		};
		638A6DCC2837A76100F05EDA /* Debug */ = {
			isa = XCBuildConfiguration;
			baseConfigurationReference = 10ABBE5D427B332CB0BAA06E /* Pods-ShoppingApp.debug.xcconfig */;
			buildSettings = {
				ASSETCATALOG_COMPILER_APPICON_NAME = AppIcon;
				ASSETCATALOG_COMPILER_GLOBAL_ACCENT_COLOR_NAME = AccentColor;
				CODE_SIGN_STYLE = Automatic;
				CURRENT_PROJECT_VERSION = 1;
				DEVELOPMENT_TEAM = YW89A2JD7V;
				GENERATE_INFOPLIST_FILE = YES;
				INFOPLIST_FILE = ShoppingApp/Resources/Info.plist;
				INFOPLIST_KEY_UIApplicationSupportsIndirectInputEvents = YES;
				INFOPLIST_KEY_UILaunchStoryboardName = LaunchScreen;
				INFOPLIST_KEY_UISupportedInterfaceOrientations_iPad = "UIInterfaceOrientationPortrait UIInterfaceOrientationPortraitUpsideDown UIInterfaceOrientationLandscapeLeft UIInterfaceOrientationLandscapeRight";
				INFOPLIST_KEY_UISupportedInterfaceOrientations_iPhone = "UIInterfaceOrientationPortrait UIInterfaceOrientationLandscapeLeft UIInterfaceOrientationLandscapeRight";
				LD_RUNPATH_SEARCH_PATHS = (
					"$(inherited)",
					"@executable_path/Frameworks",
				);
				MARKETING_VERSION = 1.0;
				PRODUCT_BUNDLE_IDENTIFIER = com.ugurhmz.ShoppingApp;
				PRODUCT_NAME = "$(TARGET_NAME)";
				SWIFT_EMIT_LOC_STRINGS = YES;
				SWIFT_VERSION = 5.0;
				TARGETED_DEVICE_FAMILY = "1,2";
			};
			name = Debug;
		};
		638A6DCD2837A76100F05EDA /* Release */ = {
			isa = XCBuildConfiguration;
			baseConfigurationReference = 411B77F6B50A94C28371F036 /* Pods-ShoppingApp.release.xcconfig */;
			buildSettings = {
				ASSETCATALOG_COMPILER_APPICON_NAME = AppIcon;
				ASSETCATALOG_COMPILER_GLOBAL_ACCENT_COLOR_NAME = AccentColor;
				CODE_SIGN_STYLE = Automatic;
				CURRENT_PROJECT_VERSION = 1;
				DEVELOPMENT_TEAM = YW89A2JD7V;
				GENERATE_INFOPLIST_FILE = YES;
				INFOPLIST_FILE = ShoppingApp/Resources/Info.plist;
				INFOPLIST_KEY_UIApplicationSupportsIndirectInputEvents = YES;
				INFOPLIST_KEY_UILaunchStoryboardName = LaunchScreen;
				INFOPLIST_KEY_UISupportedInterfaceOrientations_iPad = "UIInterfaceOrientationPortrait UIInterfaceOrientationPortraitUpsideDown UIInterfaceOrientationLandscapeLeft UIInterfaceOrientationLandscapeRight";
				INFOPLIST_KEY_UISupportedInterfaceOrientations_iPhone = "UIInterfaceOrientationPortrait UIInterfaceOrientationLandscapeLeft UIInterfaceOrientationLandscapeRight";
				LD_RUNPATH_SEARCH_PATHS = (
					"$(inherited)",
					"@executable_path/Frameworks",
				);
				MARKETING_VERSION = 1.0;
				PRODUCT_BUNDLE_IDENTIFIER = com.ugurhmz.ShoppingApp;
				PRODUCT_NAME = "$(TARGET_NAME)";
				SWIFT_EMIT_LOC_STRINGS = YES;
				SWIFT_VERSION = 5.0;
				TARGETED_DEVICE_FAMILY = "1,2";
			};
			name = Release;
		};
		638A6E0C2837A87400F05EDA /* Debug */ = {
			isa = XCBuildConfiguration;
			baseConfigurationReference = 0337C5918F4E68ADEF05CA6D /* Pods-ShoppingAdmin.debug.xcconfig */;
			buildSettings = {
				ASSETCATALOG_COMPILER_APPICON_NAME = AppIcon;
				ASSETCATALOG_COMPILER_GLOBAL_ACCENT_COLOR_NAME = AccentColor;
				CODE_SIGN_STYLE = Automatic;
				CURRENT_PROJECT_VERSION = 1;
				DEVELOPMENT_TEAM = YW89A2JD7V;
				GENERATE_INFOPLIST_FILE = YES;
				INFOPLIST_FILE = ShoppingAdmin/Info.plist;
				INFOPLIST_KEY_UIApplicationSupportsIndirectInputEvents = YES;
				INFOPLIST_KEY_UILaunchStoryboardName = LaunchScreen;
				INFOPLIST_KEY_UIMainStoryboardFile = Main;
				INFOPLIST_KEY_UISupportedInterfaceOrientations_iPad = "UIInterfaceOrientationPortrait UIInterfaceOrientationPortraitUpsideDown UIInterfaceOrientationLandscapeLeft UIInterfaceOrientationLandscapeRight";
				INFOPLIST_KEY_UISupportedInterfaceOrientations_iPhone = "UIInterfaceOrientationPortrait UIInterfaceOrientationLandscapeLeft UIInterfaceOrientationLandscapeRight";
				LD_RUNPATH_SEARCH_PATHS = (
					"$(inherited)",
					"@executable_path/Frameworks",
				);
				MARKETING_VERSION = 1.0;
				PRODUCT_BUNDLE_IDENTIFIER = com.ugurhmz.ShoppingAdmin;
				PRODUCT_NAME = "$(TARGET_NAME)";
				SWIFT_EMIT_LOC_STRINGS = YES;
				SWIFT_VERSION = 5.0;
				TARGETED_DEVICE_FAMILY = "1,2";
			};
			name = Debug;
		};
		638A6E0D2837A87400F05EDA /* Release */ = {
			isa = XCBuildConfiguration;
			baseConfigurationReference = 71D353B1937883435C0ADC7C /* Pods-ShoppingAdmin.release.xcconfig */;
			buildSettings = {
				ASSETCATALOG_COMPILER_APPICON_NAME = AppIcon;
				ASSETCATALOG_COMPILER_GLOBAL_ACCENT_COLOR_NAME = AccentColor;
				CODE_SIGN_STYLE = Automatic;
				CURRENT_PROJECT_VERSION = 1;
				DEVELOPMENT_TEAM = YW89A2JD7V;
				GENERATE_INFOPLIST_FILE = YES;
				INFOPLIST_FILE = ShoppingAdmin/Info.plist;
				INFOPLIST_KEY_UIApplicationSupportsIndirectInputEvents = YES;
				INFOPLIST_KEY_UILaunchStoryboardName = LaunchScreen;
				INFOPLIST_KEY_UIMainStoryboardFile = Main;
				INFOPLIST_KEY_UISupportedInterfaceOrientations_iPad = "UIInterfaceOrientationPortrait UIInterfaceOrientationPortraitUpsideDown UIInterfaceOrientationLandscapeLeft UIInterfaceOrientationLandscapeRight";
				INFOPLIST_KEY_UISupportedInterfaceOrientations_iPhone = "UIInterfaceOrientationPortrait UIInterfaceOrientationLandscapeLeft UIInterfaceOrientationLandscapeRight";
				LD_RUNPATH_SEARCH_PATHS = (
					"$(inherited)",
					"@executable_path/Frameworks",
				);
				MARKETING_VERSION = 1.0;
				PRODUCT_BUNDLE_IDENTIFIER = com.ugurhmz.ShoppingAdmin;
				PRODUCT_NAME = "$(TARGET_NAME)";
				SWIFT_EMIT_LOC_STRINGS = YES;
				SWIFT_VERSION = 5.0;
				TARGETED_DEVICE_FAMILY = "1,2";
			};
			name = Release;
		};
/* End XCBuildConfiguration section */

/* Begin XCConfigurationList section */
		638A6DB22837A76000F05EDA /* Build configuration list for PBXProject "ShoppingApp" */ = {
			isa = XCConfigurationList;
			buildConfigurations = (
				638A6DC92837A76100F05EDA /* Debug */,
				638A6DCA2837A76100F05EDA /* Release */,
			);
			defaultConfigurationIsVisible = 0;
			defaultConfigurationName = Release;
		};
		638A6DCB2837A76100F05EDA /* Build configuration list for PBXNativeTarget "ShoppingApp" */ = {
			isa = XCConfigurationList;
			buildConfigurations = (
				638A6DCC2837A76100F05EDA /* Debug */,
				638A6DCD2837A76100F05EDA /* Release */,
			);
			defaultConfigurationIsVisible = 0;
			defaultConfigurationName = Release;
		};
		638A6E0B2837A87400F05EDA /* Build configuration list for PBXNativeTarget "ShoppingAdmin" */ = {
			isa = XCConfigurationList;
			buildConfigurations = (
				638A6E0C2837A87400F05EDA /* Debug */,
				638A6E0D2837A87400F05EDA /* Release */,
			);
			defaultConfigurationIsVisible = 0;
			defaultConfigurationName = Release;
		};
/* End XCConfigurationList section */
	};
	rootObject = 638A6DAF2837A76000F05EDA /* Project object */;
}
